# Every permanent item ID ever built. Maintained by build.py; do not edit by hand.
stats.centre-shape-spread.c01
stats.centre-shape-spread.c02
stats.centre-shape-spread.c03
stats.centre-shape-spread.c04
stats.centre-shape-spread.c05
stats.centre-shape-spread.c06
stats.centre-shape-spread.c07
stats.centre-shape-spread.c08
stats.centre-shape-spread.c09
stats.centre-shape-spread.c10
stats.centre-shape-spread.c11
stats.centre-shape-spread.w01
stats.centre-shape-spread.w02
stats.centre-shape-spread.w03
stats.centre-shape-spread.w04
stats.centre-shape-spread.w05
stats.centre-shape-spread.w06
stats.centre-shape-spread.w07
stats.centre-shape-spread.w08
stats.centre-shape-spread.w09
stats.ci-and-p.c01
stats.ci-and-p.c02
stats.ci-and-p.c03
stats.ci-and-p.c04
stats.ci-and-p.c05
stats.ci-and-p.c06
stats.ci-and-p.c07
stats.ci-and-p.c08
stats.ci-and-p.c09
stats.ci-and-p.c10
stats.ci-and-p.c11
stats.ci-and-p.c12
stats.ci-and-p.c13
stats.ci-and-p.w01
stats.ci-and-p.w02
stats.ci-and-p.w03
stats.ci-and-p.w04
stats.ci-and-p.w05
stats.ci-and-p.w06
stats.ci-and-p.w07
stats.ci-and-p.w08
stats.data-types.c01
stats.data-types.c02
stats.data-types.c03
stats.data-types.c04
stats.data-types.c05
stats.data-types.c06
stats.data-types.c07
stats.data-types.c08
stats.data-types.c09
stats.data-types.w01
stats.data-types.w02
stats.data-types.w03
stats.data-types.w04
stats.data-types.w05
stats.data-types.w06
stats.data-types.w07
stats.data-types.w08
stats.errors.c01
stats.errors.c02
stats.errors.c03
stats.errors.c04
stats.errors.c05
stats.errors.c06
stats.errors.c07
stats.errors.c08
stats.errors.c09
stats.hypothesis-testing.c01
stats.hypothesis-testing.c02
stats.hypothesis-testing.c03
stats.hypothesis-testing.c04
stats.hypothesis-testing.c05
stats.hypothesis-testing.c06
stats.hypothesis-testing.c07
stats.hypothesis-testing.c08
stats.hypothesis-testing.c09
stats.hypothesis-testing.c10
stats.hypothesis-testing.c11
stats.hypothesis-testing.w01
stats.hypothesis-testing.w02
stats.hypothesis-testing.w03
stats.hypothesis-testing.w04
stats.hypothesis-testing.w05
stats.hypothesis-testing.w06
stats.hypothesis-testing.w07
stats.hypothesis-testing.w08
stats.power.c01
stats.power.c02
stats.power.c03
stats.power.c04
stats.power.c05
stats.power.c06
stats.power.c07
stats.power.c08
stats.power.c09
stats.standard-error.c01
stats.standard-error.c02
stats.standard-error.c03
stats.standard-error.c04
stats.standard-error.c05
stats.standard-error.c06
stats.standard-error.c07
stats.standard-error.c08
stats.standard-error.c09
stats.standard-error.c10
stats.standard-error.w01
stats.standard-error.w02
stats.standard-error.w03
stats.standard-error.w04
stats.standard-error.w05
stats.standard-error.w06
stats.standard-error.w07
stats.standard-error.w08
stats.testing-a-difference.c01
stats.testing-a-difference.c02
stats.testing-a-difference.c03
stats.testing-a-difference.c04
stats.testing-a-difference.c05
stats.testing-a-difference.c06
stats.testing-a-difference.c07
stats.testing-a-difference.c08
stats.testing-a-difference.c09
stats.testing-a-difference.c10
